
Microsoft Visual Studio Solution File, Format Version 12.00
# Visual Studio Version 17
VisualStudioVersion = 17.9.34607.119
MinimumVisualStudioVersion = 10.0.40219.1
Project("{FAE04EC0-301F-11D3-BF4B-00C04F79EFBC}") = "Task_Management", "Task_Management\Task_Management.csproj", "{B7DDD367-D61B-4C52-B0BB-DBF12D40271F}"
EndProject
Global
	GlobalSection(SolutionConfigurationPlatforms) = preSolution
		Debug|Any CPU = Debug|Any CPU
		Release|Any CPU = Release|Any CPU
	EndGlobalSection
	GlobalSection(ProjectConfigurationPlatforms) = postSolution
		{B7DDD367-D61B-4C52-B0BB-DBF12D40271F}.Debug|Any CPU.ActiveCfg = Debug|Any CPU
		{B7DDD367-D61B-4C52-B0BB-DBF12D40271F}.Debug|Any CPU.Build.0 = Debug|Any CPU
		{B7DDD367-D61B-4C52-B0BB-DBF12D40271F}.Release|Any CPU.ActiveCfg = Release|Any CPU
		{B7DDD367-D61B-4C52-B0BB-DBF12D40271F}.Release|Any CPU.Build.0 = Release|Any CPU
	EndGlobalSection
	GlobalSection(SolutionProperties) = preSolution
		HideSolutionNode = FALSE
	EndGlobalSection
	GlobalSection(ExtensibilityGlobals) = postSolution
		SolutionGuid = {9DA64DA8-94DC-46AE-AAAD-8E13F91B4AA8}
	EndGlobalSection
EndGlobal
